// !$*UTF8*$!
{
	archiveVersion = 1;
	classes = {
	};
	objectVersion = 56;
	objects = {

/* Begin PBXBuildFile section */
		HabitCircuitApp /* HabitCircuitApp.swift in Sources */ = {isa = PBXBuildFile; };
		ContentView /* ContentView.swift in Sources */ = {isa = PBXBuildFile; };
		HomeView /* HomeView.swift in Sources */ = {isa = PBXBuildFile; };
		RoutineExecutionView /* RoutineExecutionView.swift in Sources */ = {isa = PBXBuildFile; };
		RoutineEditView /* RoutineEditView.swift in Sources */ = {isa = PBXBuildFile; };
		Persistence /* Persistence.swift in Sources */ = {isa = PBXBuildFile; };
		RoutineViewModel /* RoutineViewModel.swift in Sources */ = {isa = PBXBuildFile; };
		RoutineItem /* RoutineItem.swift in Sources */ = {isa = PBXBuildFile; };
		DayOfWeek /* DayOfWeek.swift in Sources */ = {isa = PBXBuildFile; };
		HabitCircuitDataModel /* HabitCircuit.xcdatamodeld in Sources */ = {isa = PBXBuildFile; };
/* End PBXBuildFile section */

/* Begin PBXFileReference section */
		HabitCircuitApp.swift /* HabitCircuitApp.swift */ = {isa = PBXFileReference; };
		ContentView.swift /* ContentView.swift */ = {isa = PBXFileReference; };
		HomeView.swift /* HomeView.swift */ = {isa = PBXFileReference; };
		RoutineExecutionView.swift /* RoutineExecutionView.swift */ = {isa = PBXFileReference; };
		RoutineEditView.swift /* RoutineEditView.swift */ = {isa = PBXFileReference; };
		Persistence.swift /* Persistence.swift */ = {isa = PBXFileReference; };
		RoutineViewModel.swift /* RoutineViewModel.swift */ = {isa = PBXFileReference; };
		RoutineItem.swift /* RoutineItem.swift */ = {isa = PBXFileReference; };
		DayOfWeek.swift /* DayOfWeek.swift */ = {isa = PBXFileReference; };
		HabitCircuit.xcdatamodel /* HabitCircuit.xcdatamodel */ = {isa = PBXFileReference; };
/* End PBXFileReference section */

/* Begin PBXGroup section */
		MainGroup = {
			isa = PBXGroup;
			children = (
				HabitCircuit,
			);
			sourceTree = "<group>";
		};
		HabitCircuit = {
			isa = PBXGroup;
			children = (
				HabitCircuitApp.swift,
				Persistence.swift,
				Views,
				ViewModels,
				Models,
				HabitCircuit.xcdatamodeld,
			);
			path = HabitCircuit;
			sourceTree = "<group>";
		};
		Views = {
			isa = PBXGroup;
			children = (
				ContentView.swift,
				HomeView.swift,
				RoutineExecutionView.swift,
				RoutineEditView.swift,
			);
			path = Views;
			sourceTree = "<group>";
		};
		ViewModels = {
			isa = PBXGroup;
			children = (
				RoutineViewModel.swift,
			);
			path = ViewModels;
			sourceTree = "<group>";
		};
		Models = {
			isa = PBXGroup;
			children = (
				RoutineItem.swift,
				DayOfWeek.swift,
			);
			path = Models;
			sourceTree = "<group>";
		};
/* End PBXGroup section */

/* Begin PBXProject section */
		Project = {
			isa = PBXProject;
			attributes = {
				BuildIndependentTargetsInParallel = 1;
				LastSwiftUpdateCheck = 1500;
				LastUpgradeCheck = 1500;
			};
			buildConfigurationList = BuildConfigurationList;
			compatibilityVersion = "Xcode 14.0";
			developmentRegion = en;
			hasScannedForEncodings = 0;
			knownRegions = (
				en,
				Base,
			);
			mainGroup = MainGroup;
			productRefGroup = Products;
			projectDirPath = "";
			projectRoot = "";
			targets = (
				HabitCircuitTarget,
			);
		};
/* End PBXProject section */

	};
	rootObject = Project;
}
